
Microsoft Visual Studio Solution File, Format Version 12.00
# Visual Studio Version 17
VisualStudioVersion = 17.11.35327.3
MinimumVisualStudioVersion = 10.0.40219.1
Project("{9A19103F-16F7-4668-BE54-9A1E7A4F7556}") = "YieldView.API", "YieldView.API\YieldView.API.csproj", "{114F9B7A-F3AB-47DB-A410-F32E0DE03C60}"
EndProject
Project("{9A19103F-16F7-4668-BE54-9A1E7A4F7556}") = "YieldView.API.Test.Int", "YieldView.Test.Int\YieldView.API.Test.Int.csproj", "{A294E54B-71E2-4A97-8635-60B4528A04B3}"
EndProject
Project("{9A19103F-16F7-4668-BE54-9A1E7A4F7556}") = "YieldView.API.Test.sdk", "YieldView.Test.sdk\YieldView.API.Test.sdk.csproj", "{86893FC1-4AE3-46D7-9B1B-1A651BB0BB4E}"
EndProject
Project("{2150E333-8FDC-42A3-9474-1A3956D46DE8}") = "Solution Items", "Solution Items", "{8971D240-8114-4B53-8956-9E54F2F64540}"
	ProjectSection(SolutionItems) = preProject
		YieldView.runsettings = YieldView.runsettings
	EndProjectSection
EndProject
Project("{930C7802-8A8C-48F9-8165-68863BCCD9DD}") = "YieldView.API.Installer", "YieldView.API.Installer\YieldView.API.Installer.wixproj", "{D8283449-D186-4DC1-A560-41E383AD0158}"
EndProject
Global
	GlobalSection(SolutionConfigurationPlatforms) = preSolution
		Debug|Any CPU = Debug|Any CPU
		Debug|x86 = Debug|x86
		Release|Any CPU = Release|Any CPU
		Release|x86 = Release|x86
	EndGlobalSection
	GlobalSection(ProjectConfigurationPlatforms) = postSolution
		{114F9B7A-F3AB-47DB-A410-F32E0DE03C60}.Debug|Any CPU.ActiveCfg = Debug|Any CPU
		{114F9B7A-F3AB-47DB-A410-F32E0DE03C60}.Debug|Any CPU.Build.0 = Debug|Any CPU
		{114F9B7A-F3AB-47DB-A410-F32E0DE03C60}.Debug|x86.ActiveCfg = Debug|Any CPU
		{114F9B7A-F3AB-47DB-A410-F32E0DE03C60}.Debug|x86.Build.0 = Debug|Any CPU
		{114F9B7A-F3AB-47DB-A410-F32E0DE03C60}.Release|Any CPU.ActiveCfg = Release|Any CPU
		{114F9B7A-F3AB-47DB-A410-F32E0DE03C60}.Release|Any CPU.Build.0 = Release|Any CPU
		{114F9B7A-F3AB-47DB-A410-F32E0DE03C60}.Release|x86.ActiveCfg = Release|Any CPU
		{114F9B7A-F3AB-47DB-A410-F32E0DE03C60}.Release|x86.Build.0 = Release|Any CPU
		{A294E54B-71E2-4A97-8635-60B4528A04B3}.Debug|Any CPU.ActiveCfg = Debug|Any CPU
		{A294E54B-71E2-4A97-8635-60B4528A04B3}.Debug|Any CPU.Build.0 = Debug|Any CPU
		{A294E54B-71E2-4A97-8635-60B4528A04B3}.Debug|x86.ActiveCfg = Debug|Any CPU
		{A294E54B-71E2-4A97-8635-60B4528A04B3}.Debug|x86.Build.0 = Debug|Any CPU
		{A294E54B-71E2-4A97-8635-60B4528A04B3}.Release|Any CPU.ActiveCfg = Release|Any CPU
		{A294E54B-71E2-4A97-8635-60B4528A04B3}.Release|Any CPU.Build.0 = Release|Any CPU
		{A294E54B-71E2-4A97-8635-60B4528A04B3}.Release|x86.ActiveCfg = Release|Any CPU
		{A294E54B-71E2-4A97-8635-60B4528A04B3}.Release|x86.Build.0 = Release|Any CPU
		{86893FC1-4AE3-46D7-9B1B-1A651BB0BB4E}.Debug|Any CPU.ActiveCfg = Debug|Any CPU
		{86893FC1-4AE3-46D7-9B1B-1A651BB0BB4E}.Debug|Any CPU.Build.0 = Debug|Any CPU
		{86893FC1-4AE3-46D7-9B1B-1A651BB0BB4E}.Debug|x86.ActiveCfg = Debug|Any CPU
		{86893FC1-4AE3-46D7-9B1B-1A651BB0BB4E}.Debug|x86.Build.0 = Debug|Any CPU
		{86893FC1-4AE3-46D7-9B1B-1A651BB0BB4E}.Release|Any CPU.ActiveCfg = Release|Any CPU
		{86893FC1-4AE3-46D7-9B1B-1A651BB0BB4E}.Release|Any CPU.Build.0 = Release|Any CPU
		{86893FC1-4AE3-46D7-9B1B-1A651BB0BB4E}.Release|x86.ActiveCfg = Release|Any CPU
		{86893FC1-4AE3-46D7-9B1B-1A651BB0BB4E}.Release|x86.Build.0 = Release|Any CPU
		{D8283449-D186-4DC1-A560-41E383AD0158}.Debug|Any CPU.ActiveCfg = Debug|Any CPU
		{D8283449-D186-4DC1-A560-41E383AD0158}.Debug|Any CPU.Build.0 = Debug|Any CPU
		{D8283449-D186-4DC1-A560-41E383AD0158}.Debug|x86.ActiveCfg = Debug|Any CPU
		{D8283449-D186-4DC1-A560-41E383AD0158}.Debug|x86.Build.0 = Debug|Any CPU
		{D8283449-D186-4DC1-A560-41E383AD0158}.Release|Any CPU.ActiveCfg = Release|Any CPU
		{D8283449-D186-4DC1-A560-41E383AD0158}.Release|Any CPU.Build.0 = Release|Any CPU
		{D8283449-D186-4DC1-A560-41E383AD0158}.Release|x86.ActiveCfg = Release|Any CPU
		{D8283449-D186-4DC1-A560-41E383AD0158}.Release|x86.Build.0 = Release|Any CPU
	EndGlobalSection
	GlobalSection(SolutionProperties) = preSolution
		HideSolutionNode = FALSE
	EndGlobalSection
	GlobalSection(ExtensibilityGlobals) = postSolution
		SolutionGuid = {02B84B52-C70E-4E6E-84E7-E89E26AD0DB1}
	EndGlobalSection
EndGlobal
